# Smart Mirror Pi — pinned dependency lockfile
#
# Generated from requirements.txt with exact versions for reproducible installs.
# To regenerate on the target device:
#   source venv/bin/activate
#   pip install -r requirements.txt
#   pip freeze > requirements.lock
#
# Install from lock:
#   pip install -r requirements.lock

# Direct dependencies
PySide6==6.8.1
qrcode==8.0
Pillow==11.1.0

# Transitive dependencies pulled in by PySide6
shiboken6==6.8.1
